
Microsoft Visual Studio Solution File, Format Version 12.00
# Visual Studio Version 18
VisualStudioVersion = 18.5.11801.241
MinimumVisualStudioVersion = 10.0.40219.1
Project("{9A19103F-16F7-4668-BE54-9A1E7A4F7556}") = "PanoramaMusic.Domain", "PanoramaMusic.Domain\PanoramaMusic.Domain.csproj", "{3840A7D4-35C5-4BA0-96EB-B1898B5B39B4}"
EndProject
Project("{9A19103F-16F7-4668-BE54-9A1E7A4F7556}") = "PanoramaMusic.Application", "PanoramaMusic.Application\PanoramaMusic.Application.csproj", "{1C13C7C3-61ED-45DF-9B72-2447AF045972}"
EndProject
Project("{9A19103F-16F7-4668-BE54-9A1E7A4F7556}") = "PanoramaMusic.Infrastructure", "PanoramaMusic.Infrastructure\PanoramaMusic.Infrastructure.csproj", "{6317C165-12B7-40BD-A884-FA6D5F7C8B84}"
EndProject
Project("{9A19103F-16F7-4668-BE54-9A1E7A4F7556}") = "PanoramaMusic.Api", "PanoramaMusic.Api\PanoramaMusic.Api.csproj", "{D39AD31F-1090-4529-B9E7-E969E2F3A9C3}"
EndProject
Project("{9A19103F-16F7-4668-BE54-9A1E7A4F7556}") = "PanoramaMusic.Tests", "PanoramaMusic.Tests\PanoramaMusic.Tests.csproj", "{4A7CF3CA-0BD5-4499-81C2-C6CDE75E1FE0}"
EndProject
Project("{9A19103F-16F7-4668-BE54-9A1E7A4F7556}") = "PanoramaMusic.Identity.Tests", "PanoramaMusic.Integration.Tests\PanoramaMusic.Identity.Tests.csproj", "{27166930-B47D-4456-98DF-A330CDDB5544}"
EndProject
Project("{2150E333-8FDC-42A3-9474-1A3956D46DE8}") = "Identity", "Identity", "{A4EED927-2790-417C-AC41-98337D6C6AFE}"
EndProject
Project("{9A19103F-16F7-4668-BE54-9A1E7A4F7556}") = "PanoramaMusic.Identity.Domain", "Identity\PanoramaMusic.Identity.Domain\PanoramaMusic.Identity.Domain.csproj", "{BB351BD2-8E8A-4061-A997-F93530BAFD8C}"
EndProject
Project("{9A19103F-16F7-4668-BE54-9A1E7A4F7556}") = "PanoramaMusic.Identity.Application", "Identity\PanoramaMusic.Identity.Application\PanoramaMusic.Identity.Application.csproj", "{454E5E88-8560-4F9D-9B50-CD11C9FE13F0}"
EndProject
Project("{9A19103F-16F7-4668-BE54-9A1E7A4F7556}") = "PanoramaMusic.Identity.Infrastructure", "Identity\PanoramaMusic.Identity.Infrastructure\PanoramaMusic.Identity.Infrastructure.csproj", "{99324E16-AE4D-45C1-B953-3264DD1FB614}"
EndProject
Project("{2150E333-8FDC-42A3-9474-1A3956D46DE8}") = "Solution Items", "Solution Items", "{096E6E0E-5455-4835-8760-1E6AD0875C45}"
	ProjectSection(SolutionItems) = preProject
		.editorconfig = .editorconfig
	EndProjectSection
EndProject
Global
	GlobalSection(SolutionConfigurationPlatforms) = preSolution
		Debug|Any CPU = Debug|Any CPU
		Debug|x64 = Debug|x64
		Debug|x86 = Debug|x86
		Release|Any CPU = Release|Any CPU
		Release|x64 = Release|x64
		Release|x86 = Release|x86
	EndGlobalSection
	GlobalSection(ProjectConfigurationPlatforms) = postSolution
		{3840A7D4-35C5-4BA0-96EB-B1898B5B39B4}.Debug|Any CPU.ActiveCfg = Debug|Any CPU
		{3840A7D4-35C5-4BA0-96EB-B1898B5B39B4}.Debug|Any CPU.Build.0 = Debug|Any CPU
		{3840A7D4-35C5-4BA0-96EB-B1898B5B39B4}.Debug|x64.ActiveCfg = Debug|Any CPU
		{3840A7D4-35C5-4BA0-96EB-B1898B5B39B4}.Debug|x64.Build.0 = Debug|Any CPU
		{3840A7D4-35C5-4BA0-96EB-B1898B5B39B4}.Debug|x86.ActiveCfg = Debug|Any CPU
		{3840A7D4-35C5-4BA0-96EB-B1898B5B39B4}.Debug|x86.Build.0 = Debug|Any CPU
		{3840A7D4-35C5-4BA0-96EB-B1898B5B39B4}.Release|Any CPU.ActiveCfg = Release|Any CPU
		{3840A7D4-35C5-4BA0-96EB-B1898B5B39B4}.Release|Any CPU.Build.0 = Release|Any CPU
		{3840A7D4-35C5-4BA0-96EB-B1898B5B39B4}.Release|x64.ActiveCfg = Release|Any CPU
		{3840A7D4-35C5-4BA0-96EB-B1898B5B39B4}.Release|x64.Build.0 = Release|Any CPU
		{3840A7D4-35C5-4BA0-96EB-B1898B5B39B4}.Release|x86.ActiveCfg = Release|Any CPU
		{3840A7D4-35C5-4BA0-96EB-B1898B5B39B4}.Release|x86.Build.0 = Release|Any CPU
		{1C13C7C3-61ED-45DF-9B72-2447AF045972}.Debug|Any CPU.ActiveCfg = Debug|Any CPU
		{1C13C7C3-61ED-45DF-9B72-2447AF045972}.Debug|Any CPU.Build.0 = Debug|Any CPU
		{1C13C7C3-61ED-45DF-9B72-2447AF045972}.Debug|x64.ActiveCfg = Debug|Any CPU
		{1C13C7C3-61ED-45DF-9B72-2447AF045972}.Debug|x64.Build.0 = Debug|Any CPU
		{1C13C7C3-61ED-45DF-9B72-2447AF045972}.Debug|x86.ActiveCfg = Debug|Any CPU
		{1C13C7C3-61ED-45DF-9B72-2447AF045972}.Debug|x86.Build.0 = Debug|Any CPU
		{1C13C7C3-61ED-45DF-9B72-2447AF045972}.Release|Any CPU.ActiveCfg = Release|Any CPU
		{1C13C7C3-61ED-45DF-9B72-2447AF045972}.Release|Any CPU.Build.0 = Release|Any CPU
		{1C13C7C3-61ED-45DF-9B72-2447AF045972}.Release|x64.ActiveCfg = Release|Any CPU
		{1C13C7C3-61ED-45DF-9B72-2447AF045972}.Release|x64.Build.0 = Release|Any CPU
		{1C13C7C3-61ED-45DF-9B72-2447AF045972}.Release|x86.ActiveCfg = Release|Any CPU
		{1C13C7C3-61ED-45DF-9B72-2447AF045972}.Release|x86.Build.0 = Release|Any CPU
		{6317C165-12B7-40BD-A884-FA6D5F7C8B84}.Debug|Any CPU.ActiveCfg = Debug|Any CPU
		{6317C165-12B7-40BD-A884-FA6D5F7C8B84}.Debug|Any CPU.Build.0 = Debug|Any CPU
		{6317C165-12B7-40BD-A884-FA6D5F7C8B84}.Debug|x64.ActiveCfg = Debug|Any CPU
		{6317C165-12B7-40BD-A884-FA6D5F7C8B84}.Debug|x64.Build.0 = Debug|Any CPU
		{6317C165-12B7-40BD-A884-FA6D5F7C8B84}.Debug|x86.ActiveCfg = Debug|Any CPU
		{6317C165-12B7-40BD-A884-FA6D5F7C8B84}.Debug|x86.Build.0 = Debug|Any CPU
		{6317C165-12B7-40BD-A884-FA6D5F7C8B84}.Release|Any CPU.ActiveCfg = Release|Any CPU
		{6317C165-12B7-40BD-A884-FA6D5F7C8B84}.Release|Any CPU.Build.0 = Release|Any CPU
		{6317C165-12B7-40BD-A884-FA6D5F7C8B84}.Release|x64.ActiveCfg = Release|Any CPU
		{6317C165-12B7-40BD-A884-FA6D5F7C8B84}.Release|x64.Build.0 = Release|Any CPU
		{6317C165-12B7-40BD-A884-FA6D5F7C8B84}.Release|x86.ActiveCfg = Release|Any CPU
		{6317C165-12B7-40BD-A884-FA6D5F7C8B84}.Release|x86.Build.0 = Release|Any CPU
		{D39AD31F-1090-4529-B9E7-E969E2F3A9C3}.Debug|Any CPU.ActiveCfg = Debug|Any CPU
		{D39AD31F-1090-4529-B9E7-E969E2F3A9C3}.Debug|Any CPU.Build.0 = Debug|Any CPU
		{D39AD31F-1090-4529-B9E7-E969E2F3A9C3}.Debug|x64.ActiveCfg = Debug|Any CPU
		{D39AD31F-1090-4529-B9E7-E969E2F3A9C3}.Debug|x64.Build.0 = Debug|Any CPU
		{D39AD31F-1090-4529-B9E7-E969E2F3A9C3}.Debug|x86.ActiveCfg = Debug|Any CPU
		{D39AD31F-1090-4529-B9E7-E969E2F3A9C3}.Debug|x86.Build.0 = Debug|Any CPU
		{D39AD31F-1090-4529-B9E7-E969E2F3A9C3}.Release|Any CPU.ActiveCfg = Release|Any CPU
		{D39AD31F-1090-4529-B9E7-E969E2F3A9C3}.Release|Any CPU.Build.0 = Release|Any CPU
		{D39AD31F-1090-4529-B9E7-E969E2F3A9C3}.Release|x64.ActiveCfg = Release|Any CPU
		{D39AD31F-1090-4529-B9E7-E969E2F3A9C3}.Release|x64.Build.0 = Release|Any CPU
		{D39AD31F-1090-4529-B9E7-E969E2F3A9C3}.Release|x86.ActiveCfg = Release|Any CPU
		{D39AD31F-1090-4529-B9E7-E969E2F3A9C3}.Release|x86.Build.0 = Release|Any CPU
		{4A7CF3CA-0BD5-4499-81C2-C6CDE75E1FE0}.Debug|Any CPU.ActiveCfg = Debug|Any CPU
		{4A7CF3CA-0BD5-4499-81C2-C6CDE75E1FE0}.Debug|Any CPU.Build.0 = Debug|Any CPU
		{4A7CF3CA-0BD5-4499-81C2-C6CDE75E1FE0}.Debug|x64.ActiveCfg = Debug|Any CPU
		{4A7CF3CA-0BD5-4499-81C2-C6CDE75E1FE0}.Debug|x64.Build.0 = Debug|Any CPU
		{4A7CF3CA-0BD5-4499-81C2-C6CDE75E1FE0}.Debug|x86.ActiveCfg = Debug|Any CPU
		{4A7CF3CA-0BD5-4499-81C2-C6CDE75E1FE0}.Debug|x86.Build.0 = Debug|Any CPU
		{4A7CF3CA-0BD5-4499-81C2-C6CDE75E1FE0}.Release|Any CPU.ActiveCfg = Release|Any CPU
		{4A7CF3CA-0BD5-4499-81C2-C6CDE75E1FE0}.Release|Any CPU.Build.0 = Release|Any CPU
		{4A7CF3CA-0BD5-4499-81C2-C6CDE75E1FE0}.Release|x64.ActiveCfg = Release|Any CPU
		{4A7CF3CA-0BD5-4499-81C2-C6CDE75E1FE0}.Release|x64.Build.0 = Release|Any CPU
		{4A7CF3CA-0BD5-4499-81C2-C6CDE75E1FE0}.Release|x86.ActiveCfg = Release|Any CPU
		{4A7CF3CA-0BD5-4499-81C2-C6CDE75E1FE0}.Release|x86.Build.0 = Release|Any CPU
		{27166930-B47D-4456-98DF-A330CDDB5544}.Debug|Any CPU.ActiveCfg = Debug|Any CPU
		{27166930-B47D-4456-98DF-A330CDDB5544}.Debug|Any CPU.Build.0 = Debug|Any CPU
		{27166930-B47D-4456-98DF-A330CDDB5544}.Debug|x64.ActiveCfg = Debug|Any CPU
		{27166930-B47D-4456-98DF-A330CDDB5544}.Debug|x64.Build.0 = Debug|Any CPU
		{27166930-B47D-4456-98DF-A330CDDB5544}.Debug|x86.ActiveCfg = Debug|Any CPU
		{27166930-B47D-4456-98DF-A330CDDB5544}.Debug|x86.Build.0 = Debug|Any CPU
		{27166930-B47D-4456-98DF-A330CDDB5544}.Release|Any CPU.ActiveCfg = Release|Any CPU
		{27166930-B47D-4456-98DF-A330CDDB5544}.Release|Any CPU.Build.0 = Release|Any CPU
		{27166930-B47D-4456-98DF-A330CDDB5544}.Release|x64.ActiveCfg = Release|Any CPU
		{27166930-B47D-4456-98DF-A330CDDB5544}.Release|x64.Build.0 = Release|Any CPU
		{27166930-B47D-4456-98DF-A330CDDB5544}.Release|x86.ActiveCfg = Release|Any CPU
		{27166930-B47D-4456-98DF-A330CDDB5544}.Release|x86.Build.0 = Release|Any CPU
		{BB351BD2-8E8A-4061-A997-F93530BAFD8C}.Debug|Any CPU.ActiveCfg = Debug|Any CPU
		{BB351BD2-8E8A-4061-A997-F93530BAFD8C}.Debug|Any CPU.Build.0 = Debug|Any CPU
		{BB351BD2-8E8A-4061-A997-F93530BAFD8C}.Debug|x64.ActiveCfg = Debug|Any CPU
		{BB351BD2-8E8A-4061-A997-F93530BAFD8C}.Debug|x64.Build.0 = Debug|Any CPU
		{BB351BD2-8E8A-4061-A997-F93530BAFD8C}.Debug|x86.ActiveCfg = Debug|Any CPU
		{BB351BD2-8E8A-4061-A997-F93530BAFD8C}.Debug|x86.Build.0 = Debug|Any CPU
		{BB351BD2-8E8A-4061-A997-F93530BAFD8C}.Release|Any CPU.ActiveCfg = Release|Any CPU
		{BB351BD2-8E8A-4061-A997-F93530BAFD8C}.Release|Any CPU.Build.0 = Release|Any CPU
		{BB351BD2-8E8A-4061-A997-F93530BAFD8C}.Release|x64.ActiveCfg = Release|Any CPU
		{BB351BD2-8E8A-4061-A997-F93530BAFD8C}.Release|x64.Build.0 = Release|Any CPU
		{BB351BD2-8E8A-4061-A997-F93530BAFD8C}.Release|x86.ActiveCfg = Release|Any CPU
		{BB351BD2-8E8A-4061-A997-F93530BAFD8C}.Release|x86.Build.0 = Release|Any CPU
		{454E5E88-8560-4F9D-9B50-CD11C9FE13F0}.Debug|Any CPU.ActiveCfg = Debug|Any CPU
		{454E5E88-8560-4F9D-9B50-CD11C9FE13F0}.Debug|Any CPU.Build.0 = Debug|Any CPU
		{454E5E88-8560-4F9D-9B50-CD11C9FE13F0}.Debug|x64.ActiveCfg = Debug|Any CPU
		{454E5E88-8560-4F9D-9B50-CD11C9FE13F0}.Debug|x64.Build.0 = Debug|Any CPU
		{454E5E88-8560-4F9D-9B50-CD11C9FE13F0}.Debug|x86.ActiveCfg = Debug|Any CPU
		{454E5E88-8560-4F9D-9B50-CD11C9FE13F0}.Debug|x86.Build.0 = Debug|Any CPU
		{454E5E88-8560-4F9D-9B50-CD11C9FE13F0}.Release|Any CPU.ActiveCfg = Release|Any CPU
		{454E5E88-8560-4F9D-9B50-CD11C9FE13F0}.Release|Any CPU.Build.0 = Release|Any CPU
		{454E5E88-8560-4F9D-9B50-CD11C9FE13F0}.Release|x64.ActiveCfg = Release|Any CPU
		{454E5E88-8560-4F9D-9B50-CD11C9FE13F0}.Release|x64.Build.0 = Release|Any CPU
		{454E5E88-8560-4F9D-9B50-CD11C9FE13F0}.Release|x86.ActiveCfg = Release|Any CPU
		{454E5E88-8560-4F9D-9B50-CD11C9FE13F0}.Release|x86.Build.0 = Release|Any CPU
		{99324E16-AE4D-45C1-B953-3264DD1FB614}.Debug|Any CPU.ActiveCfg = Debug|Any CPU
		{99324E16-AE4D-45C1-B953-3264DD1FB614}.Debug|Any CPU.Build.0 = Debug|Any CPU
		{99324E16-AE4D-45C1-B953-3264DD1FB614}.Debug|x64.ActiveCfg = Debug|Any CPU
		{99324E16-AE4D-45C1-B953-3264DD1FB614}.Debug|x64.Build.0 = Debug|Any CPU
		{99324E16-AE4D-45C1-B953-3264DD1FB614}.Debug|x86.ActiveCfg = Debug|Any CPU
		{99324E16-AE4D-45C1-B953-3264DD1FB614}.Debug|x86.Build.0 = Debug|Any CPU
		{99324E16-AE4D-45C1-B953-3264DD1FB614}.Release|Any CPU.ActiveCfg = Release|Any CPU
		{99324E16-AE4D-45C1-B953-3264DD1FB614}.Release|Any CPU.Build.0 = Release|Any CPU
		{99324E16-AE4D-45C1-B953-3264DD1FB614}.Release|x64.ActiveCfg = Release|Any CPU
		{99324E16-AE4D-45C1-B953-3264DD1FB614}.Release|x64.Build.0 = Release|Any CPU
		{99324E16-AE4D-45C1-B953-3264DD1FB614}.Release|x86.ActiveCfg = Release|Any CPU
		{99324E16-AE4D-45C1-B953-3264DD1FB614}.Release|x86.Build.0 = Release|Any CPU
	EndGlobalSection
	GlobalSection(SolutionProperties) = preSolution
		HideSolutionNode = FALSE
	EndGlobalSection
	GlobalSection(NestedProjects) = preSolution
		{27166930-B47D-4456-98DF-A330CDDB5544} = {A4EED927-2790-417C-AC41-98337D6C6AFE}
		{BB351BD2-8E8A-4061-A997-F93530BAFD8C} = {A4EED927-2790-417C-AC41-98337D6C6AFE}
		{454E5E88-8560-4F9D-9B50-CD11C9FE13F0} = {A4EED927-2790-417C-AC41-98337D6C6AFE}
		{99324E16-AE4D-45C1-B953-3264DD1FB614} = {A4EED927-2790-417C-AC41-98337D6C6AFE}
	EndGlobalSection
	GlobalSection(ExtensibilityGlobals) = postSolution
		SolutionGuid = {49E9BA8D-46CA-4AC8-AD4C-DE5A08006689}
	EndGlobalSection
EndGlobal
